lockfileVersion: 5.4

specifiers:
  '@rollup/plugin-commonjs': ^22.0.0
  '@rollup/plugin-node-resolve': ^13.3.0
  '@swc/core': v1.2.189
  '@swc/helpers': ^0.3.16
  rollup: ^2.74.1
  rollup-plugin-swc3: ^0.3.0

dependencies:
  '@swc/core': 1.2.189
  '@swc/helpers': 0.3.16

devDependencies:
  '@rollup/plugin-commonjs': 22.0.0_rollup@2.74.1
  '@rollup/plugin-node-resolve': 13.3.0_rollup@2.74.1
  rollup: 2.74.1
  rollup-plugin-swc3: 0.3.0_5vc4o42mx34c5wjegzm3pajgmi

packages:

  /@rollup/plugin-commonjs/22.0.0_rollup@2.74.1:
    resolution: {integrity: sha512-Ktvf2j+bAO+30awhbYoCaXpBcyPmJbaEUYClQns/+6SNCYFURbvBiNbWgHITEsIgDDWCDUclWRKEuf8cwZCFoQ==}
    engines: {node: '>= 12.0.0'}
    peerDependencies:
      rollup: ^2.68.0
    dependencies:
      '@rollup/pluginutils': 3.1.0_rollup@2.74.1
      commondir: 1.0.1
      estree-walker: 2.0.2
      glob: 7.2.3
      is-reference: 1.2.1
      magic-string: 0.25.9
      resolve: 1.22.0
      rollup: 2.74.1
    dev: true

  /@rollup/plugin-node-resolve/13.3.0_rollup@2.74.1:
    resolution: {integrity: sha512-Lus8rbUo1eEcnS4yTFKLZrVumLPY+YayBdWXgFSHYhTT2iJbMhoaaBL3xl5NCdeRytErGr8tZ0L71BMRmnlwSw==}
    engines: {node: '>= 10.0.0'}
    peerDependencies:
      rollup: ^2.42.0
    dependencies:
      '@rollup/pluginutils': 3.1.0_rollup@2.74.1
      '@types/resolve': 1.17.1
      deepmerge: 4.2.2
      is-builtin-module: 3.1.0
      is-module: 1.0.0
      resolve: 1.22.0
      rollup: 2.74.1
    dev: true

  /@rollup/pluginutils/3.1.0_rollup@2.74.1:
    resolution: {integrity: sha512-GksZ6pr6TpIjHm8h9lSQ8pi8BE9VeubNT0OMJ3B5uZJ8pz73NPiqOtCog/x2/QzM1ENChPKxMDhiQuRHsqc+lg==}
    engines: {node: '>= 8.0.0'}
    peerDependencies:
      rollup: ^1.20.0||^2.0.0
    dependencies:
      '@types/estree': 0.0.39
      estree-walker: 1.0.1
      picomatch: 2.3.1
      rollup: 2.74.1
    dev: true

  /@rollup/pluginutils/4.2.1:
    resolution: {integrity: sha512-iKnFXr7NkdZAIHiIWE+BX5ULi/ucVFYWD6TbAV+rZctiRTY2PL6tsIKhoIOaoskiWAkgu+VsbXgUVDNLHf+InQ==}
    engines: {node: '>= 8.0.0'}
    dependencies:
      estree-walker: 2.0.2
      picomatch: 2.3.1
    dev: true

  /@swc/core-android-arm-eabi/1.2.189:
    resolution: {integrity: sha512-0kN3Le6QzFFz+Lc6a/tf/RkJXubWwWaHxF4c0bVm4AKIFf4nRlUCEqEkjdVaZvL92rpBMHaEEBuIIz3T8DqTTQ==}
    engines: {node: '>=10'}
    cpu: [arm]
    os: [android]
    requiresBuild: true
    optional: true

  /@swc/core-android-arm64/1.2.189:
    resolution: {integrity: sha512-smsb+YkDw2OKwg66Z63E/G4NlFApDbsiOPmZXFZbtZbNBD9v+wnk6WVA//XR1bdUI9VbzNKlMPKJxQTE685QDw==}
    engines: {node: '>=10'}
    cpu: [arm64]
    os: [android]
    requiresBuild: true
    optional: true

  /@swc/core-darwin-arm64/1.2.189:
    resolution: {integrity: sha512-OGjZRkTulKirJMLYbW9etb59lA9ueDXVwYRVD9SrNh8tRMTf0Nq+SUT/C3LVhBBGC4KSdWOzBAYbDTTdsnY++Q==}
    engines: {node: '>=10'}
    cpu: [arm64]
    os: [darwin]
    requiresBuild: true
    optional: true

  /@swc/core-darwin-x64/1.2.189:
    resolution: {integrity: sha512-BEcxnBHx51514Voe2dn/y1y5H9VNyw7Zpp9+mPekZqx5o/onPD5wZ1ZfAsPrA4UlvM3v16u6ITE/cLawJ/GdAQ==}
    engines: {node: '>=10'}
    cpu: [x64]
    os: [darwin]
    requiresBuild: true
    optional: true

  /@swc/core-freebsd-x64/1.2.189:
    resolution: {integrity: sha512-B6g2NWeh2iw6WPOaM19Uj3VE4se6alT265kWibLUshjcofRfnYT1lNhhkrF1D0EVnpC8I96I/xXNQo4Am9z4zQ==}
    engines: {node: '>=10'}
    cpu: [x64]
    os: [freebsd]
    requiresBuild: true
    optional: true

  /@swc/core-linux-arm-gnueabihf/1.2.189:
    resolution: {integrity: sha512-6WhPG9pyN5AahQTVQk8MoN1I9Z/Ytfqizuie1wV7mW8FMNmMkiJvBekKtE6ftxu80Hqa34r86WfEwmJKm5MqYw==}
    engines: {node: '>=10'}
    cpu: [arm]
    os: [linux]
    requiresBuild: true
    optional: true

  /@swc/core-linux-arm64-gnu/1.2.189:
    resolution: {integrity: sha512-frJTGnxsDe7h2d7BtnBivOdOJTtabkQIIZmHd4JHqafcoekI6teyveIax17axLyimvWl278yTo3hf7ePagD/eg==}
    engines: {node: '>=10'}
    cpu: [arm64]
    os: [linux]
    requiresBuild: true
    optional: true

  /@swc/core-linux-arm64-musl/1.2.189:
    resolution: {integrity: sha512-27K38LoZpME5lojDJIUNo7zdTDwAKLm0BMQ7HXWcYOyiDAekhSidI+SrBWxCfLzfuClhFu6/VE3E7j32VFJsiA==}
    engines: {node: '>=10'}
    cpu: [arm64]
    os: [linux]
    requiresBuild: true
    optional: true

  /@swc/core-linux-x64-gnu/1.2.189:
    resolution: {integrity: sha512-Ha5oJKOyQm9w7+e+WdRm4ypijzEmglWZGtgBR6vV6ViqqHcTBAU4nG87ex7y7AS9p+Cbc6EOSR9X1qIB8KxtbA==}
    engines: {node: '>=10'}
    cpu: [x64]
    os: [linux]
    requiresBuild: true
    optional: true

  /@swc/core-linux-x64-musl/1.2.189:
    resolution: {integrity: sha512-/p5yXa9HEzpVEuE4ivkW1IvwyYu6fT+L2OvVEs5oXIba80F0Wjy7InWqaa83gwrdMH+bXV6loG8LzZUZu/lpjA==}
    engines: {node: '>=10'}
    cpu: [x64]
    os: [linux]
    requiresBuild: true
    optional: true

  /@swc/core-win32-arm64-msvc/1.2.189:
    resolution: {integrity: sha512-o/1ueM6/sifNjYnO6NMEXB895spVfJs5oQIPxQG9vJ/4zWLw8YmAx+u1xJY+XGyK6gnroHt7yPiS87qWdbeF6w==}
    engines: {node: '>=10'}
    cpu: [arm64]
    os: [win32]
    requiresBuild: true
    optional: true

  /@swc/core-win32-ia32-msvc/1.2.189:
    resolution: {integrity: sha512-YDwRkzykaf+dw5Z7u189cC/Tttkn2NVV84hrGL3LbVuh7wT5PaDhZs4Yz4unZQSlPV12olmZWgNr/i27h5wlpg==}
    engines: {node: '>=10'}
    cpu: [ia32]
    os: [win32]
    requiresBuild: true
    optional: true

  /@swc/core-win32-x64-msvc/1.2.189:
    resolution: {integrity: sha512-Nge8Z/ZkAp5p5No50yBDpBG7+ZYaVWGSuwtPj6OJe7orzvDCEm9GgcVE6J9GEjbclSWlCH8B8lUe17GaKRZHbg==}
    engines: {node: '>=10'}
    cpu: [x64]
    os: [win32]
    requiresBuild: true
    optional: true

  /@swc/core/1.2.189:
    resolution: {integrity: sha512-S5cKX4ECMSfW78DLFgnlilJZgjrFRYwPslrrwpLl3gpwh+Qo72/Mhn71u7G/5xXW+T/xW5GwPccHfCk+k72uUg==}
    engines: {node: '>=10'}
    hasBin: true
    optionalDependencies:
      '@swc/core-android-arm-eabi': 1.2.189
      '@swc/core-android-arm64': 1.2.189
      '@swc/core-darwin-arm64': 1.2.189
      '@swc/core-darwin-x64': 1.2.189
      '@swc/core-freebsd-x64': 1.2.189
      '@swc/core-linux-arm-gnueabihf': 1.2.189
      '@swc/core-linux-arm64-gnu': 1.2.189
      '@swc/core-linux-arm64-musl': 1.2.189
      '@swc/core-linux-x64-gnu': 1.2.189
      '@swc/core-linux-x64-musl': 1.2.189
      '@swc/core-win32-arm64-msvc': 1.2.189
      '@swc/core-win32-ia32-msvc': 1.2.189
      '@swc/core-win32-x64-msvc': 1.2.189

  /@swc/helpers/0.3.16:
    resolution: {integrity: sha512-xOhhpOruRcroQ0Nb5a5IgP94AJ0DuJnhEfXL+icJ1gn7uls5DXX2mRrlBqmrd0rAj/+/BRU8RB2VN8mA8DuFYQ==}
    dependencies:
      tslib: 2.4.0
    dev: false

  /@types/estree/0.0.39:
    resolution: {integrity: sha512-EYNwp3bU+98cpU4lAWYYL7Zz+2gryWH1qbdDTidVd6hkiR6weksdbMadyXKXNPEkQFhXM+hVO9ZygomHXp+AIw==}
    dev: true

  /@types/estree/0.0.51:
    resolution: {integrity: sha512-CuPgU6f3eT/XgKKPqKd/gLZV1Xmvf1a2R5POBOGQa6uv82xpls89HU5zKeVoyR8XzHd1RGNOlQlvUe3CFkjWNQ==}
    dev: true

  /@types/node/17.0.35:
    resolution: {integrity: sha512-vu1SrqBjbbZ3J6vwY17jBs8Sr/BKA+/a/WtjRG+whKg1iuLFOosq872EXS0eXWILdO36DHQQeku/ZcL6hz2fpg==}
    dev: true

  /@types/resolve/1.17.1:
    resolution: {integrity: sha512-yy7HuzQhj0dhGpD8RLXSZWEkLsV9ibvxvi6EiJ3bkqLAO1RGo0WbkWQiwpRlSFymTJRz0d3k5LM3kkx8ArDbLw==}
    dependencies:
      '@types/node': 17.0.35
    dev: true

  /balanced-match/1.0.2:
    resolution: {integrity: sha512-3oSeUO0TMV67hN1AmbXsK4yaqU7tjiHlbxRDZOpH0KW9+CeX4bRAaX0Anxt0tx2MrpRpWwQaPwIlISEJhYU5Pw==}
    dev: true

  /brace-expansion/1.1.11:
    resolution: {integrity: sha512-iCuPHDFgrHX7H2vEI/5xpz07zSHB00TpugqhmYtVmMO6518mCuRMoOYFldEBl0g187ufozdaHgWKcYFb61qGiA==}
    dependencies:
      balanced-match: 1.0.2
      concat-map: 0.0.1
    dev: true

  /brace-expansion/2.0.1:
    resolution: {integrity: sha512-XnAIvQ8eM+kC6aULx6wuQiwVsnzsi9d3WxzV3FpWTGA19F621kwdbsAcFKXgKUHZWsy+mY6iL1sHTxWEFCytDA==}
    dependencies:
      balanced-match: 1.0.2
    dev: true

  /builtin-modules/3.3.0:
    resolution: {integrity: sha512-zhaCDicdLuWN5UbN5IMnFqNMhNfo919sH85y2/ea+5Yg9TsTkeZxpL+JLbp6cgYFS4sRLp3YV4S6yDuqVWHYOw==}
    engines: {node: '>=6'}
    dev: true

  /commondir/1.0.1:
    resolution: {integrity: sha512-W9pAhw0ja1Edb5GVdIF1mjZw/ASI0AlShXM83UUGe2DVr5TdAPEA1OA8m/g8zWp9x6On7gqufY+FatDbC3MDQg==}
    dev: true

  /concat-map/0.0.1:
    resolution: {integrity: sha1-2Klr13/Wjfd5OnMDajug1UBdR3s=}
    dev: true

  /deepmerge/4.2.2:
    resolution: {integrity: sha512-FJ3UgI4gIl+PHZm53knsuSFpE+nESMr7M4v9QcgB7S63Kj/6WqMiFQJpBBYz1Pt+66bZpP3Q7Lye0Oo9MPKEdg==}
    engines: {node: '>=0.10.0'}
    dev: true

  /estree-walker/1.0.1:
    resolution: {integrity: sha512-1fMXF3YP4pZZVozF8j/ZLfvnR8NSIljt56UhbZ5PeeDmmGHpgpdwQt7ITlGvYaQukCvuBRMLEiKiYC+oeIg4cg==}
    dev: true

  /estree-walker/2.0.2:
    resolution: {integrity: sha512-Rfkk/Mp/DL7JVje3u18FxFujQlTNR2q6QfMSMB7AvCBx91NGj/ba3kCfza0f6dVDbw7YlRf/nDrn7pQrCCyQ/w==}
    dev: true

  /fs.realpath/1.0.0:
    resolution: {integrity: sha1-FQStJSMVjKpA20onh8sBQRmU6k8=}
    dev: true

  /fsevents/2.3.2:
    resolution: {integrity: sha512-xiqMQR4xAeHTuB9uWm+fFRcIOgKBMiOBP+eXiyT7jsgVCq1bkVygt00oASowB7EdtpOHaaPgKt812P9ab+DDKA==}
    engines: {node: ^8.16.0 || ^10.6.0 || >=11.0.0}
    os: [darwin]
    requiresBuild: true
    dev: true
    optional: true

  /function-bind/1.1.1:
    resolution: {integrity: sha512-yIovAzMX49sF8Yl58fSCWJ5svSLuaibPxXQJFLmBObTuCr0Mf1KiPopGM9NiFjiYBCbfaa2Fh6breQ6ANVTI0A==}
    dev: true

  /glob/7.2.3:
    resolution: {integrity: sha512-nFR0zLpU2YCaRxwoCJvL6UvCH2JFyFVIvwTLsIf21AuHlMskA1hhTdk+LlYJtOlYt9v6dvszD2BGRqBL+iQK9Q==}
    dependencies:
      fs.realpath: 1.0.0
      inflight: 1.0.6
      inherits: 2.0.4
      minimatch: 3.1.2
      once: 1.4.0
      path-is-absolute: 1.0.1
    dev: true

  /has/1.0.3:
    resolution: {integrity: sha512-f2dvO0VU6Oej7RkWJGrehjbzMAjFp5/VKPp5tTpWIV4JHHZK1/BxbFRtf/siA2SWTe09caDmVtYYzWEIbBS4zw==}
    engines: {node: '>= 0.4.0'}
    dependencies:
      function-bind: 1.1.1
    dev: true

  /inflight/1.0.6:
    resolution: {integrity: sha1-Sb1jMdfQLQwJvJEKEHW6gWW1bfk=}
    dependencies:
      once: 1.4.0
      wrappy: 1.0.2
    dev: true

  /inherits/2.0.4:
    resolution: {integrity: sha512-k/vGaX4/Yla3WzyMCvTQOXYeIHvqOKtnqBduzTHpzpQZzAskKMhZ2K+EnBiSM9zGSoIFeMpXKxa4dYeZIQqewQ==}
    dev: true

  /is-builtin-module/3.1.0:
    resolution: {integrity: sha512-OV7JjAgOTfAFJmHZLvpSTb4qi0nIILDV1gWPYDnDJUTNFM5aGlRAhk4QcT8i7TuAleeEV5Fdkqn3t4mS+Q11fg==}
    engines: {node: '>=6'}
    dependencies:
      builtin-modules: 3.3.0
    dev: true

  /is-core-module/2.9.0:
    resolution: {integrity: sha512-+5FPy5PnwmO3lvfMb0AsoPaBG+5KHUI0wYFXOtYPnVVVspTFUuMZNfNaNVRt3FZadstu2c8x23vykRW/NBoU6A==}
    dependencies:
      has: 1.0.3
    dev: true

  /is-module/1.0.0:
    resolution: {integrity: sha1-Mlj7afeMFNW4FdZkM2tM/7ZEFZE=}
    dev: true

  /is-reference/1.2.1:
    resolution: {integrity: sha512-U82MsXXiFIrjCK4otLT+o2NA2Cd2g5MLoOVXUZjIOhLurrRxpEXzI8O0KZHr3IjLvlAH1kTPYSuqer5T9ZVBKQ==}
    dependencies:
      '@types/estree': 0.0.51
    dev: true

  /joycon/3.1.1:
    resolution: {integrity: sha512-34wB/Y7MW7bzjKRjUKTa46I2Z7eV62Rkhva+KkopW7Qvv/OSWBqvkSY7vusOPrNuZcUG3tApvdVgNB8POj3SPw==}
    engines: {node: '>=10'}
    dev: true

  /jsonc-parser/3.0.0:
    resolution: {integrity: sha512-fQzRfAbIBnR0IQvftw9FJveWiHp72Fg20giDrHz6TdfB12UH/uue0D3hm57UB5KgAVuniLMCaS8P1IMj9NR7cA==}
    dev: true

  /lunr/2.3.9:
    resolution: {integrity: sha512-zTU3DaZaF3Rt9rhN3uBMGQD3dD2/vFQqnvZCDv4dl5iOzq2IZQqTxu90r4E5J+nP70J3ilqVCrbho2eWaeW8Ow==}
    dev: true

  /magic-string/0.25.9:
    resolution: {integrity: sha512-RmF0AsMzgt25qzqqLc1+MbHmhdx0ojF2Fvs4XnOqz2ZOBXzzkEwc/dJQZCYHAn7v1jbVOjAZfK8msRn4BxO4VQ==}
    dependencies:
      sourcemap-codec: 1.4.8
    dev: true

  /marked/4.0.16:
    resolution: {integrity: sha512-wahonIQ5Jnyatt2fn8KqF/nIqZM8mh3oRu2+l5EANGMhu6RFjiSG52QNE2eWzFMI94HqYSgN184NurgNG6CztA==}
    engines: {node: '>= 12'}
    hasBin: true
    dev: true

  /minimatch/3.1.2:
    resolution: {integrity: sha512-J7p63hRiAjw1NDEww1W7i37+ByIrOWO5XQQAzZ3VOcL0PNybwpfmV/N05zFAzwQ9USyEcX6t3UO+K5aqBQOIHw==}
    dependencies:
      brace-expansion: 1.1.11
    dev: true

  /minimatch/5.1.0:
    resolution: {integrity: sha512-9TPBGGak4nHfGZsPBohm9AWg6NoT7QTCehS3BIJABslyZbzxfV78QM2Y6+i741OPZIafFAaiiEMh5OyIrJPgtg==}
    engines: {node: '>=10'}
    dependencies:
      brace-expansion: 2.0.1
    dev: true

  /once/1.4.0:
    resolution: {integrity: sha1-WDsap3WWHUsROsF9nFC6753Xa9E=}
    dependencies:
      wrappy: 1.0.2
    dev: true

  /path-is-absolute/1.0.1:
    resolution: {integrity: sha1-F0uSaHNVNP+8es5r9TpanhtcX18=}
    engines: {node: '>=0.10.0'}
    dev: true

  /path-parse/1.0.7:
    resolution: {integrity: sha512-LDJzPVEEEPR+y48z93A0Ed0yXb8pAByGWo/k5YYdYgpY2/2EsOsksJrq7lOHxryrVOn1ejG6oAp8ahvOIQD8sw==}
    dev: true

  /picomatch/2.3.1:
    resolution: {integrity: sha512-JU3teHTNjmE2VCGFzuY8EXzCDVwEqB2a8fsIvwaStHhAWJEeVd1o1QD80CU6+ZdEXXSLbSsuLwJjkCBWqRQUVA==}
    engines: {node: '>=8.6'}
    dev: true

  /resolve/1.22.0:
    resolution: {integrity: sha512-Hhtrw0nLeSrFQ7phPp4OOcVjLPIeMnRlr5mcnVuMe7M/7eBn98A3hmFRLoFo3DLZkivSYwhRUJTyPyWAk56WLw==}
    hasBin: true
    dependencies:
      is-core-module: 2.9.0
      path-parse: 1.0.7
      supports-preserve-symlinks-flag: 1.0.0
    dev: true

  /rollup-plugin-swc3/0.3.0_5vc4o42mx34c5wjegzm3pajgmi:
    resolution: {integrity: sha512-ZQK2XxYxSspmT8j6/Y4CaxRxAlZHbNnxI+m+yJ5I87ZLp5uH7CYL4hFlJk1jkcZ+Q2QC19jIg7AClB/7+XFljw==}
    engines: {node: '>=12'}
    peerDependencies:
      '@swc/core': '>=1.2.165'
      rollup: ^2.0.0
    dependencies:
      '@rollup/pluginutils': 4.2.1
      '@swc/core': 1.2.189
      deepmerge: 4.2.2
      joycon: 3.1.1
      jsonc-parser: 3.0.0
      rollup: 2.74.1
      typedoc: 0.22.15
    transitivePeerDependencies:
      - typescript
    dev: true

  /rollup/2.74.1:
    resolution: {integrity: sha512-K2zW7kV8Voua5eGkbnBtWYfMIhYhT9Pel2uhBk2WO5eMee161nPze/XRfvEQPFYz7KgrCCnmh2Wy0AMFLGGmMA==}
    engines: {node: '>=10.0.0'}
    hasBin: true
    optionalDependencies:
      fsevents: 2.3.2
    dev: true

  /shiki/0.10.1:
    resolution: {integrity: sha512-VsY7QJVzU51j5o1+DguUd+6vmCmZ5v/6gYu4vyYAhzjuNQU6P/vmSy4uQaOhvje031qQMiW0d2BwgMH52vqMng==}
    dependencies:
      jsonc-parser: 3.0.0
      vscode-oniguruma: 1.6.2
      vscode-textmate: 5.2.0
    dev: true

  /sourcemap-codec/1.4.8:
    resolution: {integrity: sha512-9NykojV5Uih4lgo5So5dtw+f0JgJX30KCNI8gwhz2J9A15wD0Ml6tjHKwf6fTSa6fAdVBdZeNOs9eJ71qCk8vA==}
    dev: true

  /supports-preserve-symlinks-flag/1.0.0:
    resolution: {integrity: sha512-ot0WnXS9fgdkgIcePe6RHNk1WA8+muPa6cSjeR3V8K27q9BB1rTE3R1p7Hv0z1ZyAc8s6Vvv8DIyWf681MAt0w==}
    engines: {node: '>= 0.4'}
    dev: true

  /tslib/2.4.0:
    resolution: {integrity: sha512-d6xOpEDfsi2CZVlPQzGeux8XMwLT9hssAsaPYExaQMuYskwb+x1x7J371tWlbBdWHroy99KnVB6qIkUbs5X3UQ==}
    dev: false

  /typedoc/0.22.15:
    resolution: {integrity: sha512-CMd1lrqQbFvbx6S9G6fL4HKp3GoIuhujJReWqlIvSb2T26vGai+8Os3Mde7Pn832pXYemd9BMuuYWhFpL5st0Q==}
    engines: {node: '>= 12.10.0'}
    hasBin: true
    peerDependencies:
      typescript: 4.0.x || 4.1.x || 4.2.x || 4.3.x || 4.4.x || 4.5.x || 4.6.x
    dependencies:
      glob: 7.2.3
      lunr: 2.3.9
      marked: 4.0.16
      minimatch: 5.1.0
      shiki: 0.10.1
    dev: true

  /vscode-oniguruma/1.6.2:
    resolution: {integrity: sha512-KH8+KKov5eS/9WhofZR8M8dMHWN2gTxjMsG4jd04YhpbPR91fUj7rYQ2/XjeHCJWbg7X++ApRIU9NUwM2vTvLA==}
    dev: true

  /vscode-textmate/5.2.0:
    resolution: {integrity: sha512-Uw5ooOQxRASHgu6C7GVvUxisKXfSgW4oFlO+aa+PAkgmH89O3CXxEEzNRNtHSqtXFTl0nAC1uYj0GMSH27uwtQ==}
    dev: true

  /wrappy/1.0.2:
    resolution: {integrity: sha1-tSQ9jz7BqjXxNkYFvA0QNuMKtp8=}
    dev: true
